
Microsoft Visual Studio Solution File, Format Version 12.00
# Visual Studio 15
VisualStudioVersion = 15.0.27703.2035
MinimumVisualStudioVersion = 10.0.40219.1
Project("{D954291E-2A0B-460D-934E-DC6B0785DB48}") = "ReactNative.Shared", "..\node_modules\react-native-windows\ReactWindows\ReactNative.Shared\ReactNative.Shared.shproj", "{EEA8B852-4D07-48E1-8294-A21AB5909FE5}"
EndProject
Project("{FAE04EC0-301F-11D3-BF4B-00C04F79EFBC}") = "ReactNativeWebViewBridge", "..\node_modules\react-native-windows\ReactWindows\ReactNativeWebViewBridge\ReactNativeWebViewBridge.csproj", "{7596216B-669C-41F8-86DA-F3637F6545C0}"
EndProject
Project("{8BC9CEB8-8B4A-11D0-8D11-00A0C91BC942}") = "ChakraBridge", "..\node_modules\react-native-windows\ReactWindows\ChakraBridge\ChakraBridge.vcxproj", "{4B72C796-16D5-4E3A-81C0-3E36F531E578}"
EndProject
Project("{FAE04EC0-301F-11D3-BF4B-00C04F79EFBC}") = "ReactNative", "..\node_modules\react-native-windows\ReactWindows\ReactNative\ReactNative.csproj", "{C7673AD5-E3AA-468C-A5FD-FA38154E205C}"
EndProject
Project("{D954291E-2A0B-460D-934E-DC6B0785DB48}") = "Facebook.Yoga.Shared", "..\node_modules\react-native-windows\Yoga\csharp\Facebook.Yoga\Facebook.Yoga.Shared.shproj", "{91C42D32-291D-4B72-90B4-551663D60B8B}"
EndProject
Project("{8BC9CEB8-8B4A-11D0-8D11-00A0C91BC942}") = "yoga.uwp", "..\node_modules\react-native-windows\Yoga\csharp\Yoga\Yoga.Universal.vcxproj", "{2EACF721-73B5-46AE-9775-4A8674D05A9C}"
EndProject
Project("{FAE04EC0-301F-11D3-BF4B-00C04F79EFBC}") = "Microsoft.AppCenter.ReactNative.Analytics", "..\..\appcenter-analytics\windows\Microsoft.AppCenter.ReactNative.Analytics\Microsoft.AppCenter.ReactNative.Analytics.csproj", "{E3D89427-157C-4456-B265-EC794E5C8A3F}"
EndProject
Project("{FAE04EC0-301F-11D3-BF4B-00C04F79EFBC}") = "Microsoft.AppCenter.ReactNative.Shared", "..\..\AppCenterReactNativeShared\windows\Microsoft.AppCenter.ReactNative.Shared\Microsoft.AppCenter.ReactNative.Shared.csproj", "{D63B448A-B26B-4059-90A9-49914230ED10}"
EndProject
Project("{FAE04EC0-301F-11D3-BF4B-00C04F79EFBC}") = "Microsoft.AppCenter.ReactNative.AppCenter", "Microsoft.AppCenter.ReactNative.AppCenter\Microsoft.AppCenter.ReactNative.AppCenter.csproj", "{85208968-4D5C-4E83-98FB-967893E44E6F}"
EndProject
Global
	GlobalSection(SharedMSBuildProjectFiles) = preSolution
		..\node_modules\react-native-windows\Yoga\csharp\Facebook.Yoga\Facebook.Yoga.Shared.projitems*{91c42d32-291d-4b72-90b4-551663d60b8b}*SharedItemsImports = 13
		..\node_modules\react-native-windows\ReactWindows\ReactNative.Shared\ReactNative.Shared.projitems*{c7673ad5-e3aa-468c-a5fd-fa38154e205c}*SharedItemsImports = 4
		..\node_modules\react-native-windows\Yoga\csharp\Facebook.Yoga\Facebook.Yoga.Shared.projitems*{c7673ad5-e3aa-468c-a5fd-fa38154e205c}*SharedItemsImports = 4
		..\node_modules\react-native-windows\ReactWindows\ReactNative.Shared\ReactNative.Shared.projitems*{eea8b852-4d07-48e1-8294-a21ab5909fe5}*SharedItemsImports = 13
	EndGlobalSection
	GlobalSection(SolutionConfigurationPlatforms) = preSolution
		Debug|Any CPU = Debug|Any CPU
		Debug|ARM = Debug|ARM
		Debug|x64 = Debug|x64
		Debug|x86 = Debug|x86
		Development|Any CPU = Development|Any CPU
		Development|ARM = Development|ARM
		Development|x64 = Development|x64
		Development|x86 = Development|x86
		Release|Any CPU = Release|Any CPU
		Release|ARM = Release|ARM
		Release|x64 = Release|x64
		Release|x86 = Release|x86
	EndGlobalSection
	GlobalSection(ProjectConfigurationPlatforms) = postSolution
		{7596216B-669C-41F8-86DA-F3637F6545C0}.Debug|Any CPU.ActiveCfg = Debug|x86
		{7596216B-669C-41F8-86DA-F3637F6545C0}.Debug|ARM.ActiveCfg = Debug|ARM
		{7596216B-669C-41F8-86DA-F3637F6545C0}.Debug|ARM.Build.0 = Debug|ARM
		{7596216B-669C-41F8-86DA-F3637F6545C0}.Debug|x64.ActiveCfg = Debug|x64
		{7596216B-669C-41F8-86DA-F3637F6545C0}.Debug|x64.Build.0 = Debug|x64
		{7596216B-669C-41F8-86DA-F3637F6545C0}.Debug|x86.ActiveCfg = Debug|x86
		{7596216B-669C-41F8-86DA-F3637F6545C0}.Debug|x86.Build.0 = Debug|x86
		{7596216B-669C-41F8-86DA-F3637F6545C0}.Development|Any CPU.ActiveCfg = Development|x86
		{7596216B-669C-41F8-86DA-F3637F6545C0}.Development|ARM.ActiveCfg = Debug|ARM
		{7596216B-669C-41F8-86DA-F3637F6545C0}.Development|ARM.Build.0 = Debug|ARM
		{7596216B-669C-41F8-86DA-F3637F6545C0}.Development|x64.ActiveCfg = Debug|x64
		{7596216B-669C-41F8-86DA-F3637F6545C0}.Development|x64.Build.0 = Debug|x64
		{7596216B-669C-41F8-86DA-F3637F6545C0}.Development|x86.ActiveCfg = Debug|x86
		{7596216B-669C-41F8-86DA-F3637F6545C0}.Development|x86.Build.0 = Debug|x86
		{7596216B-669C-41F8-86DA-F3637F6545C0}.Release|Any CPU.ActiveCfg = Release|x86
		{7596216B-669C-41F8-86DA-F3637F6545C0}.Release|ARM.ActiveCfg = Release|ARM
		{7596216B-669C-41F8-86DA-F3637F6545C0}.Release|ARM.Build.0 = Release|ARM
		{7596216B-669C-41F8-86DA-F3637F6545C0}.Release|x64.ActiveCfg = Release|x64
		{7596216B-669C-41F8-86DA-F3637F6545C0}.Release|x64.Build.0 = Release|x64
		{7596216B-669C-41F8-86DA-F3637F6545C0}.Release|x86.ActiveCfg = Release|x86
		{7596216B-669C-41F8-86DA-F3637F6545C0}.Release|x86.Build.0 = Release|x86
		{4B72C796-16D5-4E3A-81C0-3E36F531E578}.Debug|Any CPU.ActiveCfg = Debug|Win32
		{4B72C796-16D5-4E3A-81C0-3E36F531E578}.Debug|ARM.ActiveCfg = Debug|ARM
		{4B72C796-16D5-4E3A-81C0-3E36F531E578}.Debug|ARM.Build.0 = Debug|ARM
		{4B72C796-16D5-4E3A-81C0-3E36F531E578}.Debug|x64.ActiveCfg = Debug|x64
		{4B72C796-16D5-4E3A-81C0-3E36F531E578}.Debug|x64.Build.0 = Debug|x64
		{4B72C796-16D5-4E3A-81C0-3E36F531E578}.Debug|x86.ActiveCfg = Debug|Win32
		{4B72C796-16D5-4E3A-81C0-3E36F531E578}.Debug|x86.Build.0 = Debug|Win32
		{4B72C796-16D5-4E3A-81C0-3E36F531E578}.Development|Any CPU.ActiveCfg = Development|Win32
		{4B72C796-16D5-4E3A-81C0-3E36F531E578}.Development|ARM.ActiveCfg = Debug|ARM
		{4B72C796-16D5-4E3A-81C0-3E36F531E578}.Development|ARM.Build.0 = Debug|ARM
		{4B72C796-16D5-4E3A-81C0-3E36F531E578}.Development|x64.ActiveCfg = Debug|x64
		{4B72C796-16D5-4E3A-81C0-3E36F531E578}.Development|x64.Build.0 = Debug|x64
		{4B72C796-16D5-4E3A-81C0-3E36F531E578}.Development|x86.ActiveCfg = Debug|Win32
		{4B72C796-16D5-4E3A-81C0-3E36F531E578}.Development|x86.Build.0 = Debug|Win32
		{4B72C796-16D5-4E3A-81C0-3E36F531E578}.Release|Any CPU.ActiveCfg = Release|Win32
		{4B72C796-16D5-4E3A-81C0-3E36F531E578}.Release|ARM.ActiveCfg = Release|ARM
		{4B72C796-16D5-4E3A-81C0-3E36F531E578}.Release|ARM.Build.0 = Release|ARM
		{4B72C796-16D5-4E3A-81C0-3E36F531E578}.Release|x64.ActiveCfg = Release|x64
		{4B72C796-16D5-4E3A-81C0-3E36F531E578}.Release|x64.Build.0 = Release|x64
		{4B72C796-16D5-4E3A-81C0-3E36F531E578}.Release|x86.ActiveCfg = Release|Win32
		{4B72C796-16D5-4E3A-81C0-3E36F531E578}.Release|x86.Build.0 = Release|Win32
		{C7673AD5-E3AA-468C-A5FD-FA38154E205C}.Debug|Any CPU.ActiveCfg = Debug|x86
		{C7673AD5-E3AA-468C-A5FD-FA38154E205C}.Debug|ARM.ActiveCfg = Debug|ARM
		{C7673AD5-E3AA-468C-A5FD-FA38154E205C}.Debug|ARM.Build.0 = Debug|ARM
		{C7673AD5-E3AA-468C-A5FD-FA38154E205C}.Debug|x64.ActiveCfg = Debug|x64
		{C7673AD5-E3AA-468C-A5FD-FA38154E205C}.Debug|x64.Build.0 = Debug|x64
		{C7673AD5-E3AA-468C-A5FD-FA38154E205C}.Debug|x86.ActiveCfg = Debug|x86
		{C7673AD5-E3AA-468C-A5FD-FA38154E205C}.Debug|x86.Build.0 = Debug|x86
		{C7673AD5-E3AA-468C-A5FD-FA38154E205C}.Development|Any CPU.ActiveCfg = Development|x86
		{C7673AD5-E3AA-468C-A5FD-FA38154E205C}.Development|ARM.ActiveCfg = Debug|ARM
		{C7673AD5-E3AA-468C-A5FD-FA38154E205C}.Development|ARM.Build.0 = Debug|ARM
		{C7673AD5-E3AA-468C-A5FD-FA38154E205C}.Development|x64.ActiveCfg = Debug|x64
		{C7673AD5-E3AA-468C-A5FD-FA38154E205C}.Development|x64.Build.0 = Debug|x64
		{C7673AD5-E3AA-468C-A5FD-FA38154E205C}.Development|x86.ActiveCfg = Debug|x86
		{C7673AD5-E3AA-468C-A5FD-FA38154E205C}.Development|x86.Build.0 = Debug|x86
		{C7673AD5-E3AA-468C-A5FD-FA38154E205C}.Release|Any CPU.ActiveCfg = Release|x86
		{C7673AD5-E3AA-468C-A5FD-FA38154E205C}.Release|ARM.ActiveCfg = Release|ARM
		{C7673AD5-E3AA-468C-A5FD-FA38154E205C}.Release|ARM.Build.0 = Release|ARM
		{C7673AD5-E3AA-468C-A5FD-FA38154E205C}.Release|x64.ActiveCfg = Release|x64
		{C7673AD5-E3AA-468C-A5FD-FA38154E205C}.Release|x64.Build.0 = Release|x64
		{C7673AD5-E3AA-468C-A5FD-FA38154E205C}.Release|x86.ActiveCfg = Release|x86
		{C7673AD5-E3AA-468C-A5FD-FA38154E205C}.Release|x86.Build.0 = Release|x86
		{2EACF721-73B5-46AE-9775-4A8674D05A9C}.Debug|Any CPU.ActiveCfg = Debug|Win32
		{2EACF721-73B5-46AE-9775-4A8674D05A9C}.Debug|ARM.ActiveCfg = Debug|ARM
		{2EACF721-73B5-46AE-9775-4A8674D05A9C}.Debug|ARM.Build.0 = Debug|ARM
		{2EACF721-73B5-46AE-9775-4A8674D05A9C}.Debug|x64.ActiveCfg = Debug|x64
		{2EACF721-73B5-46AE-9775-4A8674D05A9C}.Debug|x64.Build.0 = Debug|x64
		{2EACF721-73B5-46AE-9775-4A8674D05A9C}.Debug|x86.ActiveCfg = Debug|Win32
		{2EACF721-73B5-46AE-9775-4A8674D05A9C}.Debug|x86.Build.0 = Debug|Win32
		{2EACF721-73B5-46AE-9775-4A8674D05A9C}.Development|Any CPU.ActiveCfg = Development|Win32
		{2EACF721-73B5-46AE-9775-4A8674D05A9C}.Development|ARM.ActiveCfg = Debug|ARM
		{2EACF721-73B5-46AE-9775-4A8674D05A9C}.Development|ARM.Build.0 = Debug|ARM
		{2EACF721-73B5-46AE-9775-4A8674D05A9C}.Development|x64.ActiveCfg = Debug|x64
		{2EACF721-73B5-46AE-9775-4A8674D05A9C}.Development|x64.Build.0 = Debug|x64
		{2EACF721-73B5-46AE-9775-4A8674D05A9C}.Development|x86.ActiveCfg = Debug|Win32
		{2EACF721-73B5-46AE-9775-4A8674D05A9C}.Development|x86.Build.0 = Debug|Win32
		{2EACF721-73B5-46AE-9775-4A8674D05A9C}.Release|Any CPU.ActiveCfg = Release|Win32
		{2EACF721-73B5-46AE-9775-4A8674D05A9C}.Release|ARM.ActiveCfg = Release|ARM
		{2EACF721-73B5-46AE-9775-4A8674D05A9C}.Release|ARM.Build.0 = Release|ARM
		{2EACF721-73B5-46AE-9775-4A8674D05A9C}.Release|x64.ActiveCfg = Release|x64
		{2EACF721-73B5-46AE-9775-4A8674D05A9C}.Release|x64.Build.0 = Release|x64
		{2EACF721-73B5-46AE-9775-4A8674D05A9C}.Release|x86.ActiveCfg = Release|Win32
		{2EACF721-73B5-46AE-9775-4A8674D05A9C}.Release|x86.Build.0 = Release|Win32
		{E3D89427-157C-4456-B265-EC794E5C8A3F}.Debug|Any CPU.ActiveCfg = Debug|Any CPU
		{E3D89427-157C-4456-B265-EC794E5C8A3F}.Debug|Any CPU.Build.0 = Debug|Any CPU
		{E3D89427-157C-4456-B265-EC794E5C8A3F}.Debug|ARM.ActiveCfg = Debug|ARM
		{E3D89427-157C-4456-B265-EC794E5C8A3F}.Debug|ARM.Build.0 = Debug|ARM
		{E3D89427-157C-4456-B265-EC794E5C8A3F}.Debug|x64.ActiveCfg = Debug|x64
		{E3D89427-157C-4456-B265-EC794E5C8A3F}.Debug|x64.Build.0 = Debug|x64
		{E3D89427-157C-4456-B265-EC794E5C8A3F}.Debug|x86.ActiveCfg = Debug|x86
		{E3D89427-157C-4456-B265-EC794E5C8A3F}.Debug|x86.Build.0 = Debug|x86
		{E3D89427-157C-4456-B265-EC794E5C8A3F}.Development|Any CPU.ActiveCfg = Debug|Any CPU
		{E3D89427-157C-4456-B265-EC794E5C8A3F}.Development|Any CPU.Build.0 = Debug|Any CPU
		{E3D89427-157C-4456-B265-EC794E5C8A3F}.Development|ARM.ActiveCfg = Development|ARM
		{E3D89427-157C-4456-B265-EC794E5C8A3F}.Development|ARM.Build.0 = Development|ARM
		{E3D89427-157C-4456-B265-EC794E5C8A3F}.Development|x64.ActiveCfg = Development|x64
		{E3D89427-157C-4456-B265-EC794E5C8A3F}.Development|x64.Build.0 = Development|x64
		{E3D89427-157C-4456-B265-EC794E5C8A3F}.Development|x86.ActiveCfg = Development|x86
		{E3D89427-157C-4456-B265-EC794E5C8A3F}.Development|x86.Build.0 = Development|x86
		{E3D89427-157C-4456-B265-EC794E5C8A3F}.Release|Any CPU.ActiveCfg = Release|Any CPU
		{E3D89427-157C-4456-B265-EC794E5C8A3F}.Release|Any CPU.Build.0 = Release|Any CPU
		{E3D89427-157C-4456-B265-EC794E5C8A3F}.Release|ARM.ActiveCfg = Release|ARM
		{E3D89427-157C-4456-B265-EC794E5C8A3F}.Release|ARM.Build.0 = Release|ARM
		{E3D89427-157C-4456-B265-EC794E5C8A3F}.Release|x64.ActiveCfg = Release|x64
		{E3D89427-157C-4456-B265-EC794E5C8A3F}.Release|x64.Build.0 = Release|x64
		{E3D89427-157C-4456-B265-EC794E5C8A3F}.Release|x86.ActiveCfg = Release|x86
		{E3D89427-157C-4456-B265-EC794E5C8A3F}.Release|x86.Build.0 = Release|x86
		{D63B448A-B26B-4059-90A9-49914230ED10}.Debug|Any CPU.ActiveCfg = Debug|Any CPU
		{D63B448A-B26B-4059-90A9-49914230ED10}.Debug|Any CPU.Build.0 = Debug|Any CPU
		{D63B448A-B26B-4059-90A9-49914230ED10}.Debug|ARM.ActiveCfg = Debug|ARM
		{D63B448A-B26B-4059-90A9-49914230ED10}.Debug|ARM.Build.0 = Debug|ARM
		{D63B448A-B26B-4059-90A9-49914230ED10}.Debug|x64.ActiveCfg = Debug|x64
		{D63B448A-B26B-4059-90A9-49914230ED10}.Debug|x64.Build.0 = Debug|x64
		{D63B448A-B26B-4059-90A9-49914230ED10}.Debug|x86.ActiveCfg = Debug|x86
		{D63B448A-B26B-4059-90A9-49914230ED10}.Debug|x86.Build.0 = Debug|x86
		{D63B448A-B26B-4059-90A9-49914230ED10}.Development|Any CPU.ActiveCfg = Debug|Any CPU
		{D63B448A-B26B-4059-90A9-49914230ED10}.Development|Any CPU.Build.0 = Debug|Any CPU
		{D63B448A-B26B-4059-90A9-49914230ED10}.Development|ARM.ActiveCfg = Debug|ARM
		{D63B448A-B26B-4059-90A9-49914230ED10}.Development|ARM.Build.0 = Debug|ARM
		{D63B448A-B26B-4059-90A9-49914230ED10}.Development|x64.ActiveCfg = Debug|x64
		{D63B448A-B26B-4059-90A9-49914230ED10}.Development|x64.Build.0 = Debug|x64
		{D63B448A-B26B-4059-90A9-49914230ED10}.Development|x86.ActiveCfg = Debug|x86
		{D63B448A-B26B-4059-90A9-49914230ED10}.Development|x86.Build.0 = Debug|x86
		{D63B448A-B26B-4059-90A9-49914230ED10}.Release|Any CPU.ActiveCfg = Release|Any CPU
		{D63B448A-B26B-4059-90A9-49914230ED10}.Release|Any CPU.Build.0 = Release|Any CPU
		{D63B448A-B26B-4059-90A9-49914230ED10}.Release|ARM.ActiveCfg = Release|ARM
		{D63B448A-B26B-4059-90A9-49914230ED10}.Release|ARM.Build.0 = Release|ARM
		{D63B448A-B26B-4059-90A9-49914230ED10}.Release|x64.ActiveCfg = Release|x64
		{D63B448A-B26B-4059-90A9-49914230ED10}.Release|x64.Build.0 = Release|x64
		{D63B448A-B26B-4059-90A9-49914230ED10}.Release|x86.ActiveCfg = Release|x86
		{D63B448A-B26B-4059-90A9-49914230ED10}.Release|x86.Build.0 = Release|x86
		{85208968-4D5C-4E83-98FB-967893E44E6F}.Debug|Any CPU.ActiveCfg = Debug|Any CPU
		{85208968-4D5C-4E83-98FB-967893E44E6F}.Debug|Any CPU.Build.0 = Debug|Any CPU
		{85208968-4D5C-4E83-98FB-967893E44E6F}.Debug|ARM.ActiveCfg = Debug|ARM
		{85208968-4D5C-4E83-98FB-967893E44E6F}.Debug|ARM.Build.0 = Debug|ARM
		{85208968-4D5C-4E83-98FB-967893E44E6F}.Debug|x64.ActiveCfg = Debug|x64
		{85208968-4D5C-4E83-98FB-967893E44E6F}.Debug|x64.Build.0 = Debug|x64
		{85208968-4D5C-4E83-98FB-967893E44E6F}.Debug|x86.ActiveCfg = Debug|x86
		{85208968-4D5C-4E83-98FB-967893E44E6F}.Debug|x86.Build.0 = Debug|x86
		{85208968-4D5C-4E83-98FB-967893E44E6F}.Development|Any CPU.ActiveCfg = Debug|Any CPU
		{85208968-4D5C-4E83-98FB-967893E44E6F}.Development|Any CPU.Build.0 = Debug|Any CPU
		{85208968-4D5C-4E83-98FB-967893E44E6F}.Development|ARM.ActiveCfg = Development|ARM
		{85208968-4D5C-4E83-98FB-967893E44E6F}.Development|ARM.Build.0 = Development|ARM
		{85208968-4D5C-4E83-98FB-967893E44E6F}.Development|x64.ActiveCfg = Development|x64
		{85208968-4D5C-4E83-98FB-967893E44E6F}.Development|x64.Build.0 = Development|x64
		{85208968-4D5C-4E83-98FB-967893E44E6F}.Development|x86.ActiveCfg = Development|x86
		{85208968-4D5C-4E83-98FB-967893E44E6F}.Development|x86.Build.0 = Development|x86
		{85208968-4D5C-4E83-98FB-967893E44E6F}.Release|Any CPU.ActiveCfg = Release|Any CPU
		{85208968-4D5C-4E83-98FB-967893E44E6F}.Release|Any CPU.Build.0 = Release|Any CPU
		{85208968-4D5C-4E83-98FB-967893E44E6F}.Release|ARM.ActiveCfg = Release|ARM
		{85208968-4D5C-4E83-98FB-967893E44E6F}.Release|ARM.Build.0 = Release|ARM
		{85208968-4D5C-4E83-98FB-967893E44E6F}.Release|x64.ActiveCfg = Release|x64
		{85208968-4D5C-4E83-98FB-967893E44E6F}.Release|x64.Build.0 = Release|x64
		{85208968-4D5C-4E83-98FB-967893E44E6F}.Release|x86.ActiveCfg = Release|x86
		{85208968-4D5C-4E83-98FB-967893E44E6F}.Release|x86.Build.0 = Release|x86
	EndGlobalSection
	GlobalSection(SolutionProperties) = preSolution
		HideSolutionNode = FALSE
	EndGlobalSection
	GlobalSection(ExtensibilityGlobals) = postSolution
		SolutionGuid = {5887A01A-9118-4647-ABCF-CC9BB7BA2307}
	EndGlobalSection
EndGlobal
